
Microsoft Visual Studio Solution File, Format Version 12.00
# Visual Studio 14
VisualStudioVersion = 14.0.25123.0
MinimumVisualStudioVersion = 10.0.40219.1
Project("{888888A0-9F3D-457C-B088-3A5042F75D52}") = "rx", "rx.pyproj", "{C2A8F128-B11E-4D94-AC17-71C2A80719F9}"
EndProject
Project("{888888A0-9F3D-457C-B088-3A5042F75D52}") = "tests", "tests.pyproj", "{B970C4CD-8BE7-4F04-94BC-BF92875D5EBC}"
EndProject
Global
	GlobalSection(SolutionConfigurationPlatforms) = preSolution
		Debug|Any CPU = Debug|Any CPU
		Release|Any CPU = Release|Any CPU
	EndGlobalSection
	GlobalSection(ProjectConfigurationPlatforms) = postSolution
		{C2A8F128-B11E-4D94-AC17-71C2A80719F9}.Debug|Any CPU.ActiveCfg = Debug|Any CPU
		{C2A8F128-B11E-4D94-AC17-71C2A80719F9}.Release|Any CPU.ActiveCfg = Release|Any CPU
		{B970C4CD-8BE7-4F04-94BC-BF92875D5EBC}.Debug|Any CPU.ActiveCfg = Debug|Any CPU
		{B970C4CD-8BE7-4F04-94BC-BF92875D5EBC}.Release|Any CPU.ActiveCfg = Release|Any CPU
	EndGlobalSection
	GlobalSection(SolutionProperties) = preSolution
		HideSolutionNode = FALSE
	EndGlobalSection
EndGlobal
